
Microsoft Visual Studio Solution File, Format Version 12.00
# Visual Studio Version 16
VisualStudioVersion = 16.0.29905.134
MinimumVisualStudioVersion = 10.0.40219.1
Project("{FAE04EC0-301F-11D3-BF4B-00C04F79EFBC}") = "CreateQueue", "Queue\CreateQueue.csproj", "{7286E412-B9D6-40FD-A705-72E4C48DFC06}"
EndProject
Project("{FAE04EC0-301F-11D3-BF4B-00C04F79EFBC}") = "ConsumerQueue", "Consumer\ConsumerQueue.csproj", "{2F0B64BD-CB2A-4311-8B6A-4FFC7148E326}"
EndProject
Project("{FAE04EC0-301F-11D3-BF4B-00C04F79EFBC}") = "TwoQueues", "TwoQueues\TwoQueues.csproj", "{C82F3E2A-7287-44C1-A76B-F572705CF807}"
EndProject
Global
	GlobalSection(SolutionConfigurationPlatforms) = preSolution
		Debug|Any CPU = Debug|Any CPU
		Release|Any CPU = Release|Any CPU
	EndGlobalSection
	GlobalSection(ProjectConfigurationPlatforms) = postSolution
		{7286E412-B9D6-40FD-A705-72E4C48DFC06}.Debug|Any CPU.ActiveCfg = Debug|Any CPU
		{7286E412-B9D6-40FD-A705-72E4C48DFC06}.Debug|Any CPU.Build.0 = Debug|Any CPU
		{7286E412-B9D6-40FD-A705-72E4C48DFC06}.Release|Any CPU.ActiveCfg = Release|Any CPU
		{7286E412-B9D6-40FD-A705-72E4C48DFC06}.Release|Any CPU.Build.0 = Release|Any CPU
		{2F0B64BD-CB2A-4311-8B6A-4FFC7148E326}.Debug|Any CPU.ActiveCfg = Debug|Any CPU
		{2F0B64BD-CB2A-4311-8B6A-4FFC7148E326}.Debug|Any CPU.Build.0 = Debug|Any CPU
		{2F0B64BD-CB2A-4311-8B6A-4FFC7148E326}.Release|Any CPU.ActiveCfg = Release|Any CPU
		{2F0B64BD-CB2A-4311-8B6A-4FFC7148E326}.Release|Any CPU.Build.0 = Release|Any CPU
		{C82F3E2A-7287-44C1-A76B-F572705CF807}.Debug|Any CPU.ActiveCfg = Debug|Any CPU
		{C82F3E2A-7287-44C1-A76B-F572705CF807}.Debug|Any CPU.Build.0 = Debug|Any CPU
		{C82F3E2A-7287-44C1-A76B-F572705CF807}.Release|Any CPU.ActiveCfg = Release|Any CPU
		{C82F3E2A-7287-44C1-A76B-F572705CF807}.Release|Any CPU.Build.0 = Release|Any CPU
	EndGlobalSection
	GlobalSection(SolutionProperties) = preSolution
		HideSolutionNode = FALSE
	EndGlobalSection
	GlobalSection(ExtensibilityGlobals) = postSolution
		SolutionGuid = {B40F745F-F556-407A-B71E-73C4805F093D}
	EndGlobalSection
EndGlobal
